
Microsoft Visual Studio Solution File, Format Version 12.00
# Visual Studio Version 16
VisualStudioVersion = 16.0.28729.10
MinimumVisualStudioVersion = 10.0.40219.1
Project("{F2A71F9B-5D33-465A-A702-920D77279786}") = "vs2019_so", "vs2019_so\vs2019_so.fsproj", "{E8A12E65-F1E5-4B4D-890E-5C08645E703A}"
EndProject
Global
	GlobalSection(SolutionConfigurationPlatforms) = preSolution
		Debug|Any CPU = Debug|Any CPU
		Release|Any CPU = Release|Any CPU
	EndGlobalSection
	GlobalSection(ProjectConfigurationPlatforms) = postSolution
		{E8A12E65-F1E5-4B4D-890E-5C08645E703A}.Debug|Any CPU.ActiveCfg = Debug|Any CPU
		{E8A12E65-F1E5-4B4D-890E-5C08645E703A}.Debug|Any CPU.Build.0 = Debug|Any CPU
		{E8A12E65-F1E5-4B4D-890E-5C08645E703A}.Release|Any CPU.ActiveCfg = Release|Any CPU
		{E8A12E65-F1E5-4B4D-890E-5C08645E703A}.Release|Any CPU.Build.0 = Release|Any CPU
	EndGlobalSection
	GlobalSection(SolutionProperties) = preSolution
		HideSolutionNode = FALSE
	EndGlobalSection
	GlobalSection(ExtensibilityGlobals) = postSolution
		SolutionGuid = {5E75BF5E-C0D7-4AA2-8136-32A1C40CD0D8}
	EndGlobalSection
EndGlobal
